
Microsoft Visual Studio Solution File, Format Version 12.00
# Visual Studio Version 16
VisualStudioVersion = 16.0.30804.86
MinimumVisualStudioVersion = 10.0.40219.1
Project("{9A19103F-16F7-4668-BE54-9A1E7A4F7556}") = "ColonyManager.WebApi.Host", "src\ColonyManager.WebApi.Host\ColonyManager.WebApi.Host.csproj", "{C4A9CE31-059D-4979-B17A-7FC709B97D15}"
EndProject
Project("{2150E333-8FDC-42A3-9474-1A3956D46DE8}") = "src", "src", "{4B59B4BE-12E3-4117-B489-055561C741E2}"
EndProject
Project("{2150E333-8FDC-42A3-9474-1A3956D46DE8}") = "tests", "tests", "{F43CBB9D-C90F-4C4E-B2D1-5EF107ED5747}"
EndProject
Project("{9A19103F-16F7-4668-BE54-9A1E7A4F7556}") = "ColonyManager.EfMigrations", "src\ColonyManager.EfMigrations\ColonyManager.EfMigrations.csproj", "{6C43454F-D1F9-4365-980D-2D7A785E2071}"
EndProject
Project("{9A19103F-16F7-4668-BE54-9A1E7A4F7556}") = "ColonyManager.Data", "src\ColonyManager.Data\ColonyManager.Data.csproj", "{69CDBB40-3DC7-47E5-8F82-81E494CB6F85}"
EndProject
Project("{9A19103F-16F7-4668-BE54-9A1E7A4F7556}") = "ColonyManager.Domain", "src\ColonyManager.Domain\ColonyManager.Domain.csproj", "{85684309-EF9D-4590-A8F3-35E024B0594A}"
EndProject
Project("{9A19103F-16F7-4668-BE54-9A1E7A4F7556}") = "ColonyManager.Core", "src\ColonyManager.Core\ColonyManager.Core.csproj", "{0556C95D-46B8-41F9-AAA7-9DC775BF78E4}"
EndProject
Project("{9A19103F-16F7-4668-BE54-9A1E7A4F7556}") = "ColonyManager.Application", "src\ColonyManager.Application\ColonyManager.Application.csproj", "{BECF71DD-68C9-40D8-9B8B-2C61E3C549EA}"
EndProject
Project("{9A19103F-16F7-4668-BE54-9A1E7A4F7556}") = "ColonyManager.Utility", "src\ColonyManager.Utility\ColonyManager.Utility.csproj", "{A2A10156-CE4A-4862-AA5F-DDA287153E9C}"
EndProject
Project("{9A19103F-16F7-4668-BE54-9A1E7A4F7556}") = "ColonyManager.UnitTests", "tests\ColonyManager.UnitTests\ColonyManager.UnitTests.csproj", "{F2321FEC-CCC5-42BA-B7FE-02931DC174C3}"
EndProject
Project("{E53339B2-1760-4266-BCC7-CA923CBCF16C}") = "docker-compose", "docker-compose.dcproj", "{A5B5AD9F-213D-4AA3-BA13-A7D5FAA9BEA1}"
EndProject
Global
	GlobalSection(SolutionConfigurationPlatforms) = preSolution
		Debug|Any CPU = Debug|Any CPU
		Release|Any CPU = Release|Any CPU
	EndGlobalSection
	GlobalSection(ProjectConfigurationPlatforms) = postSolution
		{C4A9CE31-059D-4979-B17A-7FC709B97D15}.Debug|Any CPU.ActiveCfg = Debug|Any CPU
		{C4A9CE31-059D-4979-B17A-7FC709B97D15}.Debug|Any CPU.Build.0 = Debug|Any CPU
		{C4A9CE31-059D-4979-B17A-7FC709B97D15}.Release|Any CPU.ActiveCfg = Release|Any CPU
		{C4A9CE31-059D-4979-B17A-7FC709B97D15}.Release|Any CPU.Build.0 = Release|Any CPU
		{6C43454F-D1F9-4365-980D-2D7A785E2071}.Debug|Any CPU.ActiveCfg = Debug|Any CPU
		{6C43454F-D1F9-4365-980D-2D7A785E2071}.Debug|Any CPU.Build.0 = Debug|Any CPU
		{6C43454F-D1F9-4365-980D-2D7A785E2071}.Release|Any CPU.ActiveCfg = Release|Any CPU
		{6C43454F-D1F9-4365-980D-2D7A785E2071}.Release|Any CPU.Build.0 = Release|Any CPU
		{69CDBB40-3DC7-47E5-8F82-81E494CB6F85}.Debug|Any CPU.ActiveCfg = Debug|Any CPU
		{69CDBB40-3DC7-47E5-8F82-81E494CB6F85}.Debug|Any CPU.Build.0 = Debug|Any CPU
		{69CDBB40-3DC7-47E5-8F82-81E494CB6F85}.Release|Any CPU.ActiveCfg = Release|Any CPU
		{69CDBB40-3DC7-47E5-8F82-81E494CB6F85}.Release|Any CPU.Build.0 = Release|Any CPU
		{85684309-EF9D-4590-A8F3-35E024B0594A}.Debug|Any CPU.ActiveCfg = Debug|Any CPU
		{85684309-EF9D-4590-A8F3-35E024B0594A}.Debug|Any CPU.Build.0 = Debug|Any CPU
		{85684309-EF9D-4590-A8F3-35E024B0594A}.Release|Any CPU.ActiveCfg = Release|Any CPU
		{85684309-EF9D-4590-A8F3-35E024B0594A}.Release|Any CPU.Build.0 = Release|Any CPU
		{0556C95D-46B8-41F9-AAA7-9DC775BF78E4}.Debug|Any CPU.ActiveCfg = Debug|Any CPU
		{0556C95D-46B8-41F9-AAA7-9DC775BF78E4}.Debug|Any CPU.Build.0 = Debug|Any CPU
		{0556C95D-46B8-41F9-AAA7-9DC775BF78E4}.Release|Any CPU.ActiveCfg = Release|Any CPU
		{0556C95D-46B8-41F9-AAA7-9DC775BF78E4}.Release|Any CPU.Build.0 = Release|Any CPU
		{BECF71DD-68C9-40D8-9B8B-2C61E3C549EA}.Debug|Any CPU.ActiveCfg = Debug|Any CPU
		{BECF71DD-68C9-40D8-9B8B-2C61E3C549EA}.Debug|Any CPU.Build.0 = Debug|Any CPU
		{BECF71DD-68C9-40D8-9B8B-2C61E3C549EA}.Release|Any CPU.ActiveCfg = Release|Any CPU
		{BECF71DD-68C9-40D8-9B8B-2C61E3C549EA}.Release|Any CPU.Build.0 = Release|Any CPU
		{A2A10156-CE4A-4862-AA5F-DDA287153E9C}.Debug|Any CPU.ActiveCfg = Debug|Any CPU
		{A2A10156-CE4A-4862-AA5F-DDA287153E9C}.Debug|Any CPU.Build.0 = Debug|Any CPU
		{A2A10156-CE4A-4862-AA5F-DDA287153E9C}.Release|Any CPU.ActiveCfg = Release|Any CPU
		{A2A10156-CE4A-4862-AA5F-DDA287153E9C}.Release|Any CPU.Build.0 = Release|Any CPU
		{F2321FEC-CCC5-42BA-B7FE-02931DC174C3}.Debug|Any CPU.ActiveCfg = Debug|Any CPU
		{F2321FEC-CCC5-42BA-B7FE-02931DC174C3}.Debug|Any CPU.Build.0 = Debug|Any CPU
		{F2321FEC-CCC5-42BA-B7FE-02931DC174C3}.Release|Any CPU.ActiveCfg = Release|Any CPU
		{F2321FEC-CCC5-42BA-B7FE-02931DC174C3}.Release|Any CPU.Build.0 = Release|Any CPU
		{A5B5AD9F-213D-4AA3-BA13-A7D5FAA9BEA1}.Debug|Any CPU.ActiveCfg = Debug|Any CPU
		{A5B5AD9F-213D-4AA3-BA13-A7D5FAA9BEA1}.Debug|Any CPU.Build.0 = Debug|Any CPU
		{A5B5AD9F-213D-4AA3-BA13-A7D5FAA9BEA1}.Release|Any CPU.ActiveCfg = Release|Any CPU
		{A5B5AD9F-213D-4AA3-BA13-A7D5FAA9BEA1}.Release|Any CPU.Build.0 = Release|Any CPU
	EndGlobalSection
	GlobalSection(SolutionProperties) = preSolution
		HideSolutionNode = FALSE
	EndGlobalSection
	GlobalSection(NestedProjects) = preSolution
		{C4A9CE31-059D-4979-B17A-7FC709B97D15} = {4B59B4BE-12E3-4117-B489-055561C741E2}
		{6C43454F-D1F9-4365-980D-2D7A785E2071} = {4B59B4BE-12E3-4117-B489-055561C741E2}
		{69CDBB40-3DC7-47E5-8F82-81E494CB6F85} = {4B59B4BE-12E3-4117-B489-055561C741E2}
		{85684309-EF9D-4590-A8F3-35E024B0594A} = {4B59B4BE-12E3-4117-B489-055561C741E2}
		{0556C95D-46B8-41F9-AAA7-9DC775BF78E4} = {4B59B4BE-12E3-4117-B489-055561C741E2}
		{BECF71DD-68C9-40D8-9B8B-2C61E3C549EA} = {4B59B4BE-12E3-4117-B489-055561C741E2}
		{A2A10156-CE4A-4862-AA5F-DDA287153E9C} = {4B59B4BE-12E3-4117-B489-055561C741E2}
		{F2321FEC-CCC5-42BA-B7FE-02931DC174C3} = {F43CBB9D-C90F-4C4E-B2D1-5EF107ED5747}
	EndGlobalSection
	GlobalSection(ExtensibilityGlobals) = postSolution
		SolutionGuid = {DD70C64D-66FC-44EF-A22B-D18762715492}
	EndGlobalSection
EndGlobal
